{
    "_meta": {
        "hash": {
            "sha256": "7fe292214b5fa290a4c014f25e446b11f741ce9eab5b546013ce0b1c6c85b141"
        },
        "pipfile-spec": 6,
        "requires": {
            "python_version": "3.10"
        },
        "sources": [
            {
                "name": "pypi",
                "url": "https://pypi.org/simple",
                "verify_ssl": true
            }
        ]
    },
    "default": {},
    "develop": {}
}
